
Microsoft Visual Studio Solution File, Format Version 12.00
# Visual Studio 2013
VisualStudioVersion = 12.0.40629.0
MinimumVisualStudioVersion = 10.0.40219.1
Project("{581633EB-B896-402F-8E60-36F3DA191C85}") = "constructoraBERCOVICH", "constructoraBERCOVICH\constructoraBERCOVICH.lsxtproj", "{838A196B-F4D9-4252-96E3-77B4369A6E49}"
EndProject
Project("{F184B08F-C81C-45F6-A57F-5ABD9991F28F}") = "constructoraBERCOVICH.Server", "constructoraBERCOVICH\constructoraBERCOVICH.Server\constructoraBERCOVICH.Server.vbproj", "{047E7C44-E994-4F7F-B1B3-1DE9C8CC3B32}"
EndProject
Project("{F184B08F-C81C-45F6-A57F-5ABD9991F28F}") = "constructoraBERCOVICH.DesktopClient", "constructoraBERCOVICH\constructoraBERCOVICH.DesktopClient\constructoraBERCOVICH.DesktopClient.vbproj", "{D1601B12-83B1-4206-9126-FBB4C565BFED}"
EndProject
Global
	GlobalSection(SolutionConfigurationPlatforms) = preSolution
		Debug|Any CPU = Debug|Any CPU
		Release|Any CPU = Release|Any CPU
	EndGlobalSection
	GlobalSection(ProjectConfigurationPlatforms) = postSolution
		{838A196B-F4D9-4252-96E3-77B4369A6E49}.Debug|Any CPU.ActiveCfg = Debug|Any CPU
		{838A196B-F4D9-4252-96E3-77B4369A6E49}.Debug|Any CPU.Build.0 = Debug|Any CPU
		{838A196B-F4D9-4252-96E3-77B4369A6E49}.Release|Any CPU.ActiveCfg = Release|Any CPU
		{838A196B-F4D9-4252-96E3-77B4369A6E49}.Release|Any CPU.Build.0 = Release|Any CPU
		{047E7C44-E994-4F7F-B1B3-1DE9C8CC3B32}.Debug|Any CPU.ActiveCfg = Debug|Any CPU
		{047E7C44-E994-4F7F-B1B3-1DE9C8CC3B32}.Debug|Any CPU.Build.0 = Debug|Any CPU
		{047E7C44-E994-4F7F-B1B3-1DE9C8CC3B32}.Release|Any CPU.ActiveCfg = Release|Any CPU
		{047E7C44-E994-4F7F-B1B3-1DE9C8CC3B32}.Release|Any CPU.Build.0 = Release|Any CPU
		{D1601B12-83B1-4206-9126-FBB4C565BFED}.Debug|Any CPU.ActiveCfg = Debug|Any CPU
		{D1601B12-83B1-4206-9126-FBB4C565BFED}.Debug|Any CPU.Build.0 = Debug|Any CPU
		{D1601B12-83B1-4206-9126-FBB4C565BFED}.Release|Any CPU.ActiveCfg = Release|Any CPU
		{D1601B12-83B1-4206-9126-FBB4C565BFED}.Release|Any CPU.Build.0 = Release|Any CPU
	EndGlobalSection
	GlobalSection(SolutionProperties) = preSolution
		HideSolutionNode = FALSE
	EndGlobalSection
EndGlobal
